
Microsoft Visual Studio Solution File, Format Version 12.00
Project("{FAE04EC0-301F-11D3-BF4B-00C04F79EFBC}") = "DockTemplate", "DockTemplate\DockTemplate.csproj", "{EFBF4D92-42A4-49FE-A51A-9BD43ED826FD}"
EndProject
Project("{2150E333-8FDC-42A3-9474-1A3956D46DE8}") = "Components", "Components", "{59C5CB80-4422-473F-89B8-FCD5C3DA1BB8}"
EndProject
Project("{FAE04EC0-301F-11D3-BF4B-00C04F79EFBC}") = "DockComponent.Dashboard", "Components\DockComponent.Dashboard\DockComponent.Dashboard.csproj", "{1757E97C-6A3F-4002-B466-F72A0713E5DE}"
EndProject
Project("{2150E333-8FDC-42A3-9474-1A3956D46DE8}") = "Shared", "Shared", "{9D17FCEE-5E07-470F-8FE4-6B6D8363787D}"
EndProject
Project("{FAE04EC0-301F-11D3-BF4B-00C04F79EFBC}") = "DockComponent.Base", "DockComponent.Base\DockComponent.Base.csproj", "{A709CBD8-31DF-4CA7-B6A4-F27C5A8D5945}"
EndProject
Project("{FAE04EC0-301F-11D3-BF4B-00C04F79EFBC}") = "DockComponent.Editor", "Components\DockComponent.Editor\DockComponent.Editor.csproj", "{3C261C7B-6908-4FF3-89D1-FF58420524C2}"
EndProject
Project("{FAE04EC0-301F-11D3-BF4B-00C04F79EFBC}") = "DockComponent.SolutionExplorer", "Components\DockComponent.SolutionExplorer\DockComponent.SolutionExplorer.csproj", "{D42A8B04-3644-4624-BF9F-7ECA3D525F19}"
EndProject
Project("{FAE04EC0-301F-11D3-BF4B-00C04F79EFBC}") = "DockComponent.Output", "Components\DockComponent.Output\DockComponent.Output.csproj", "{EBC138CF-8722-4304-86BE-A52A30077820}"
EndProject
Project("{FAE04EC0-301F-11D3-BF4B-00C04F79EFBC}") = "DockComponent.ErrorList", "Components\DockComponent.ErrorList\DockComponent.ErrorList.csproj", "{B8144529-4EA3-4945-96B0-A81940C3D575}"
EndProject
Global
	GlobalSection(SolutionConfigurationPlatforms) = preSolution
		Debug|Any CPU = Debug|Any CPU
		Release|Any CPU = Release|Any CPU
	EndGlobalSection
	GlobalSection(ProjectConfigurationPlatforms) = postSolution
		{EFBF4D92-42A4-49FE-A51A-9BD43ED826FD}.Debug|Any CPU.ActiveCfg = Debug|Any CPU
		{EFBF4D92-42A4-49FE-A51A-9BD43ED826FD}.Debug|Any CPU.Build.0 = Debug|Any CPU
		{EFBF4D92-42A4-49FE-A51A-9BD43ED826FD}.Release|Any CPU.ActiveCfg = Release|Any CPU
		{EFBF4D92-42A4-49FE-A51A-9BD43ED826FD}.Release|Any CPU.Build.0 = Release|Any CPU
		{1757E97C-6A3F-4002-B466-F72A0713E5DE}.Debug|Any CPU.ActiveCfg = Debug|Any CPU
		{1757E97C-6A3F-4002-B466-F72A0713E5DE}.Debug|Any CPU.Build.0 = Debug|Any CPU
		{1757E97C-6A3F-4002-B466-F72A0713E5DE}.Release|Any CPU.ActiveCfg = Release|Any CPU
		{1757E97C-6A3F-4002-B466-F72A0713E5DE}.Release|Any CPU.Build.0 = Release|Any CPU
		{A709CBD8-31DF-4CA7-B6A4-F27C5A8D5945}.Debug|Any CPU.ActiveCfg = Debug|Any CPU
		{A709CBD8-31DF-4CA7-B6A4-F27C5A8D5945}.Debug|Any CPU.Build.0 = Debug|Any CPU
		{A709CBD8-31DF-4CA7-B6A4-F27C5A8D5945}.Release|Any CPU.ActiveCfg = Release|Any CPU
		{A709CBD8-31DF-4CA7-B6A4-F27C5A8D5945}.Release|Any CPU.Build.0 = Release|Any CPU
		{3C261C7B-6908-4FF3-89D1-FF58420524C2}.Debug|Any CPU.ActiveCfg = Debug|Any CPU
		{3C261C7B-6908-4FF3-89D1-FF58420524C2}.Debug|Any CPU.Build.0 = Debug|Any CPU
		{3C261C7B-6908-4FF3-89D1-FF58420524C2}.Release|Any CPU.ActiveCfg = Release|Any CPU
		{3C261C7B-6908-4FF3-89D1-FF58420524C2}.Release|Any CPU.Build.0 = Release|Any CPU
		{D42A8B04-3644-4624-BF9F-7ECA3D525F19}.Debug|Any CPU.ActiveCfg = Debug|Any CPU
		{D42A8B04-3644-4624-BF9F-7ECA3D525F19}.Debug|Any CPU.Build.0 = Debug|Any CPU
		{D42A8B04-3644-4624-BF9F-7ECA3D525F19}.Release|Any CPU.ActiveCfg = Release|Any CPU
		{D42A8B04-3644-4624-BF9F-7ECA3D525F19}.Release|Any CPU.Build.0 = Release|Any CPU
		{EBC138CF-8722-4304-86BE-A52A30077820}.Debug|Any CPU.ActiveCfg = Debug|Any CPU
		{EBC138CF-8722-4304-86BE-A52A30077820}.Debug|Any CPU.Build.0 = Debug|Any CPU
		{EBC138CF-8722-4304-86BE-A52A30077820}.Release|Any CPU.ActiveCfg = Release|Any CPU
		{EBC138CF-8722-4304-86BE-A52A30077820}.Release|Any CPU.Build.0 = Release|Any CPU
		{B8144529-4EA3-4945-96B0-A81940C3D575}.Debug|Any CPU.ActiveCfg = Debug|Any CPU
		{B8144529-4EA3-4945-96B0-A81940C3D575}.Debug|Any CPU.Build.0 = Debug|Any CPU
		{B8144529-4EA3-4945-96B0-A81940C3D575}.Release|Any CPU.ActiveCfg = Release|Any CPU
		{B8144529-4EA3-4945-96B0-A81940C3D575}.Release|Any CPU.Build.0 = Release|Any CPU
	EndGlobalSection
	GlobalSection(NestedProjects) = preSolution
		{1757E97C-6A3F-4002-B466-F72A0713E5DE} = {59C5CB80-4422-473F-89B8-FCD5C3DA1BB8}
		{A709CBD8-31DF-4CA7-B6A4-F27C5A8D5945} = {9D17FCEE-5E07-470F-8FE4-6B6D8363787D}
		{3C261C7B-6908-4FF3-89D1-FF58420524C2} = {59C5CB80-4422-473F-89B8-FCD5C3DA1BB8}
		{D42A8B04-3644-4624-BF9F-7ECA3D525F19} = {59C5CB80-4422-473F-89B8-FCD5C3DA1BB8}
		{EBC138CF-8722-4304-86BE-A52A30077820} = {59C5CB80-4422-473F-89B8-FCD5C3DA1BB8}
		{B8144529-4EA3-4945-96B0-A81940C3D575} = {59C5CB80-4422-473F-89B8-FCD5C3DA1BB8}
	EndGlobalSection
EndGlobal
